{
  "name": "mz-first-pkg",
  "version": "1.0.0",
  "lockfileVersion": 1,
  "requires": true,
  "dependencies": {
    "dell-li-20171016": {
      "version": "1.0.0",
      "resolved": "https://registry.npmmirror.com/dell-li-20171016/-/dell-li-20171016-1.0.0.tgz",
      "integrity": "sha512-WyDvYkoJj0cICSAlDGBGWdy4vfSzsba+AQ9F4pZjODgVUBIK60THnuLTEyXk5b0q88l3If08N4oI04bM4SXoYQ=="
    },
    "mazheng": {
      "version": "1.0.0",
      "resolved": "https://registry.npmmirror.com/mazheng/-/mazheng-1.0.0.tgz",
      "integrity": "sha512-SUVA4Hczt7Ue7ib2FMecK0htu7vhvHLAY/jJbAnQYytysubUdY/rL5HXgLMwpp2/vkFS2y5d3GN5NQirtQxGxg==",
      "requires": {
        "dell-li-20171016": "^1.0.0"
      }
    }
  }
}
